
Microsoft Visual Studio Solution File, Format Version 11.00
# Visual Studio 2010
Project("{059D6162-CD51-11D0-AE1F-00A0C90FFFC3}") = "HelpTool", "..\StageRace 2003\HELP\ENGLISH\HELPTOOL\HelpTool\HelpTool.dsp", "{CF4B193A-7EC3-4378-BA35-5FC5BE5F3E0E}"
EndProject
Project("{059D6162-CD51-11D0-AE1F-00A0C90FFFC3}") = "KeySupport", "..\KeySupport\KeySupport.dsp", "{DC7ED979-C1FA-4552-8F46-EE693FDD2B62}"
EndProject
Project("{059D6162-CD51-11D0-AE1F-00A0C90FFFC3}") = "SetupStageRace", "..\StageRace 2003\Setup\SetupStageRace\SetupStageRace.dsp", "{99DE2970-0458-46F8-A60E-EB404472B147}"
EndProject
Project("{8BC9CEB8-8B4A-11D0-8D11-00A0C91BC942}") = "StageRace", "StageRace.vcxproj", "{EDF9A206-0872-57DF-04DB-9D3E03CDD90E}"
EndProject
Project("{059D6162-CD51-11D0-AE1F-00A0C90FFFC3}") = "srcalc", "..\SRCALC\SRCALC.DSP", "{B3566BAD-3748-4CD5-BA13-BEFC723AE3FC}"
EndProject
Project("{059D6162-CD51-11D0-AE1F-00A0C90FFFC3}") = "srspeed", "..\SRSPEED\SRSPEED.DSP", "{0EA4950B-7A1D-4266-B2D5-E653357357C9}"
EndProject
Global
	GlobalSection(SolutionConfigurationPlatforms) = preSolution
		Debug|Win32 = Debug|Win32
		Release|Win32 = Release|Win32
	EndGlobalSection
	GlobalSection(ProjectConfigurationPlatforms) = postSolution
		{EDF9A206-0872-57DF-04DB-9D3E03CDD90E}.Debug|Win32.ActiveCfg = Debug|Win32
		{EDF9A206-0872-57DF-04DB-9D3E03CDD90E}.Debug|Win32.Build.0 = Debug|Win32
		{EDF9A206-0872-57DF-04DB-9D3E03CDD90E}.Release|Win32.ActiveCfg = Release|Win32
		{EDF9A206-0872-57DF-04DB-9D3E03CDD90E}.Release|Win32.Build.0 = Release|Win32
	EndGlobalSection
	GlobalSection(SolutionProperties) = preSolution
		HideSolutionNode = FALSE
	EndGlobalSection
EndGlobal
